
Microsoft Visual Studio Solution File, Format Version 12.00
# Visual Studio Version 16
VisualStudioVersion = 16.0.28803.156
MinimumVisualStudioVersion = 10.0.40219.1
Project("{FAE04EC0-301F-11D3-BF4B-00C04F79EFBC}") = "TirePressureSensorWpfApp", "TirePressureSensorWpfApp\TirePressureSensorWpfApp.csproj", "{87E6D9A4-F5BB-43B7-A467-8A70D1F20E19}"
EndProject
Global
	GlobalSection(SolutionConfigurationPlatforms) = preSolution
		Debug|Any CPU = Debug|Any CPU
		Release|Any CPU = Release|Any CPU
	EndGlobalSection
	GlobalSection(ProjectConfigurationPlatforms) = postSolution
		{87E6D9A4-F5BB-43B7-A467-8A70D1F20E19}.Debug|Any CPU.ActiveCfg = Debug|Any CPU
		{87E6D9A4-F5BB-43B7-A467-8A70D1F20E19}.Debug|Any CPU.Build.0 = Debug|Any CPU
		{87E6D9A4-F5BB-43B7-A467-8A70D1F20E19}.Release|Any CPU.ActiveCfg = Release|Any CPU
		{87E6D9A4-F5BB-43B7-A467-8A70D1F20E19}.Release|Any CPU.Build.0 = Release|Any CPU
	EndGlobalSection
	GlobalSection(SolutionProperties) = preSolution
		HideSolutionNode = FALSE
	EndGlobalSection
	GlobalSection(ExtensibilityGlobals) = postSolution
		SolutionGuid = {8D710719-DE1D-42B7-AEAA-0483457788CC}
	EndGlobalSection
EndGlobal
